%{
  "certifi": {:hex, :certifi, "2.3.1", "d0f424232390bf47d82da8478022301c561cf6445b5b5fb6a84d49a9e76d2639", [:rebar3], [{:parse_trans, "3.2.0", [hex: :parse_trans, repo: "hexpm", optional: false]}], "hexpm", "e12d667d042c11d130594bae2b0097e63836fe8b1e6d6b2cc48f8bb7a2cf7d68"},
  "earmark": {:hex, :earmark, "1.2.5", "4d21980d5d2862a2e13ec3c49ad9ad783ffc7ca5769cf6ff891a4553fbaae761", [:mix], [], "hexpm", "c57508ddad47dfb8038ca6de1e616e66e9b87313220ac5d9817bc4a4dc2257b9"},
  "ex_doc": {:hex, :ex_doc, "0.19.0", "e22b6434373b4870ea77b24df069dbac7002c1f483615e9ebfc0c37497e1c75c", [:mix], [{:earmark, "~> 1.1", [hex: :earmark, repo: "hexpm", optional: false]}, {:makeup_elixir, "~> 0.7", [hex: :makeup_elixir, repo: "hexpm", optional: false]}], "hexpm", "32c50bb82fb758acc62c0b5306129a83a0323bf33a734abad8e49c0720dbaed9"},
  "excoveralls": {:hex, :excoveralls, "0.9.1", "14fd20fac51ab98d8e79615814cc9811888d2d7b28e85aa90ff2e30dcf3191d6", [:mix], [{:hackney, ">= 0.12.0", [hex: :hackney, repo: "hexpm", optional: false]}, {:jason, "~> 1.0", [hex: :jason, repo: "hexpm", optional: false]}], "hexpm", "8dbe3ee998a803c2e7a54dd1077e59b2f86be5180d0ffcd3c2ee081f64e10ec9"},
  "exjsx": {:hex, :exjsx, "4.0.0", "60548841e0212df401e38e63c0078ec57b33e7ea49b032c796ccad8cde794b5c", [:mix], [{:jsx, "~> 2.8.0", [hex: :jsx, repo: "hexpm", optional: false]}], "hexpm"},
  "gen_stage": {:hex, :gen_stage, "1.0.0", "51c8ae56ff54f9a2a604ca583798c210ad245f415115453b773b621c49776df5", [:mix], [], "hexpm", "1d9fc978db5305ac54e6f5fec7adf80cd893b1000cf78271564c516aa2af7706"},
  "hackney": {:hex, :hackney, "1.13.0", "24edc8cd2b28e1c652593833862435c80661834f6c9344e84b6a2255e7aeef03", [:rebar3], [{:certifi, "2.3.1", [hex: :certifi, repo: "hexpm", optional: false]}, {:idna, "5.1.2", [hex: :idna, repo: "hexpm", optional: false]}, {:metrics, "1.0.1", [hex: :metrics, repo: "hexpm", optional: false]}, {:mimerl, "1.0.2", [hex: :mimerl, repo: "hexpm", optional: false]}, {:ssl_verify_fun, "1.1.1", [hex: :ssl_verify_fun, repo: "hexpm", optional: false]}], "hexpm", "4d605d33dd07ee1b82b105033cccb02379515105fceb1850746591814b00c205"},
  "idna": {:hex, :idna, "5.1.2", "e21cb58a09f0228a9e0b95eaa1217f1bcfc31a1aaa6e1fdf2f53a33f7dbd9494", [:rebar3], [{:unicode_util_compat, "0.3.1", [hex: :unicode_util_compat, repo: "hexpm", optional: false]}], "hexpm", "8fddb3aec4692c71647d67de72536254bce9069851754e370a99f2aae69fbdf4"},
  "jason": {:hex, :jason, "1.1.1", "d3ccb840dfb06f2f90a6d335b536dd074db748b3e7f5b11ab61d239506585eb2", [:mix], [{:decimal, "~> 1.0", [hex: :decimal, repo: "hexpm", optional: true]}], "hexpm", "639645cfac325e34938167b272bae0791fea3a34cf32c29525abf1d323ed4c18"},
  "jsx": {:hex, :jsx, "2.8.2", "7acc7d785b5abe8a6e9adbde926a24e481f29956dd8b4df49e3e4e7bcc92a018", [:mix, :rebar3], [], "hexpm"},
  "makeup": {:hex, :makeup, "0.5.1", "966c5c2296da272d42f1de178c1d135e432662eca795d6dc12e5e8787514edf7", [:mix], [{:nimble_parsec, "~> 0.2.2", [hex: :nimble_parsec, repo: "hexpm", optional: false]}], "hexpm", "259748a45dfcf5f49765a7c29c9594791c82de23e22d7a3e6e59533fe8e8935b"},
  "makeup_elixir": {:hex, :makeup_elixir, "0.8.0", "1204a2f5b4f181775a0e456154830524cf2207cf4f9112215c05e0b76e4eca8b", [:mix], [{:makeup, "~> 0.5.0", [hex: :makeup, repo: "hexpm", optional: false]}, {:nimble_parsec, "~> 0.2.2", [hex: :nimble_parsec, repo: "hexpm", optional: false]}], "hexpm", "393d17c5a648e3b30522b2a4743bd1dc3533e1227c8c2823ebe8c3a8e5be5913"},
  "metrics": {:hex, :metrics, "1.0.1", "25f094dea2cda98213cecc3aeff09e940299d950904393b2a29d191c346a8486", [:rebar3], [], "hexpm", "69b09adddc4f74a40716ae54d140f93beb0fb8978d8636eaded0c31b6f099f16"},
  "mimerl": {:hex, :mimerl, "1.0.2", "993f9b0e084083405ed8252b99460c4f0563e41729ab42d9074fd5e52439be88", [:rebar3], [], "hexpm", "7a4c8e1115a2732a67d7624e28cf6c9f30c66711a9e92928e745c255887ba465"},
  "nimble_parsec": {:hex, :nimble_parsec, "0.2.2", "d526b23bdceb04c7ad15b33c57c4526bf5f50aaa70c7c141b4b4624555c68259", [:mix], [], "hexpm", "4ababf5c44164f161872704e1cfbecab3935fdebec66c72905abaad0e6e5cef6"},
  "parse_trans": {:hex, :parse_trans, "3.2.0", "2adfa4daf80c14dc36f522cf190eb5c4ee3e28008fc6394397c16f62a26258c2", [:rebar3], [], "hexpm", "578b1d484720749499db5654091ddac818ea0b6d568f2c99c562d2a6dd4aa117"},
  "ssl_verify_fun": {:hex, :ssl_verify_fun, "1.1.1", "28a4d65b7f59893bc2c7de786dec1e1555bd742d336043fe644ae956c3497fbe", [:make, :rebar], [], "hexpm", "4f8805eb5c8a939cf2359367cb651a3180b27dfb48444846be2613d79355d65e"},
  "unicode_util_compat": {:hex, :unicode_util_compat, "0.3.1", "a1f612a7b512638634a603c8f401892afbf99b8ce93a45041f8aaca99cadb85e", [:rebar3], [], "hexpm", "da1d9bef8a092cc7e1e51f1298037a5ddfb0f657fe862dfe7ba4c5807b551c29"},
}
